
Microsoft Visual Studio Solution File, Format Version 12.00
# Visual Studio 15
VisualStudioVersion = 15.0.27004.2008
MinimumVisualStudioVersion = 10.0.40219.1
Project("{8BC9CEB8-8B4A-11D0-8D11-00A0C91BC942}") = "yogi-core", "yogi-core\yogi-core.vcxproj", "{B9745F60-F3B9-4B6A-A53D-96DD224B2B45}"
	ProjectSection(ProjectDependencies) = postProject
		{6C8F3A0D-715B-4CFE-B080-0F288F707415} = {6C8F3A0D-715B-4CFE-B080-0F288F707415}
	EndProjectSection
EndProject
Project("{8BC9CEB8-8B4A-11D0-8D11-00A0C91BC942}") = "yogi-core-static", "yogi-core\yogi-core-static.vcxproj", "{6C8F3A0D-715B-4CFE-B080-0F288F707415}"
EndProject
Project("{8BC9CEB8-8B4A-11D0-8D11-00A0C91BC942}") = "yogi-core-tests", "yogi-core\yogi-core-tests.vcxproj", "{33E639FE-F5A7-4FD7-A644-12323FC07BB1}"
	ProjectSection(ProjectDependencies) = postProject
		{6C8F3A0D-715B-4CFE-B080-0F288F707415} = {6C8F3A0D-715B-4CFE-B080-0F288F707415}
		{B9745F60-F3B9-4B6A-A53D-96DD224B2B45} = {B9745F60-F3B9-4B6A-A53D-96DD224B2B45}
	EndProjectSection
EndProject
Project("{8BC9CEB8-8B4A-11D0-8D11-00A0C91BC942}") = "yogi-cpp-tests", "yogi-cpp\yogi-cpp-tests.vcxproj", "{C7091E86-9BE1-4751-97AB-1D3B70EBEE5B}"
	ProjectSection(ProjectDependencies) = postProject
		{E0507035-DF2E-409B-B71D-5FD05C2EA63B} = {E0507035-DF2E-409B-B71D-5FD05C2EA63B}
		{B9745F60-F3B9-4B6A-A53D-96DD224B2B45} = {B9745F60-F3B9-4B6A-A53D-96DD224B2B45}
	EndProjectSection
EndProject
Project("{8BC9CEB8-8B4A-11D0-8D11-00A0C91BC942}") = "yogi-cpp", "yogi-cpp\yogi-cpp.vcxproj", "{E0507035-DF2E-409B-B71D-5FD05C2EA63B}"
EndProject
Project("{8BC9CEB8-8B4A-11D0-8D11-00A0C91BC942}") = "yogi-hub-static", "yogi-hub\yogi-hub-static.vcxproj", "{8404D766-AF07-4D2C-B775-727538BC5E82}"
EndProject
Project("{8BC9CEB8-8B4A-11D0-8D11-00A0C91BC942}") = "yogi-hub", "yogi-hub\yogi-hub.vcxproj", "{6739FABA-B343-4DCE-B6CB-E0E2EF7D6E94}"
EndProject
Project("{8BC9CEB8-8B4A-11D0-8D11-00A0C91BC942}") = "yogi-hub-tests", "yogi-hub\yogi-hub-tests.vcxproj", "{997E8D18-5B40-44C5-85C5-6DD9EB495FFB}"
EndProject
Project("{888888A0-9F3D-457C-B088-3A5042F75D52}") = "yogi-python", "yogi-python\yogi-python.pyproj", "{65A37E32-D04C-4470-86C9-36328ABCC7E3}"
EndProject
Project("{888888A0-9F3D-457C-B088-3A5042F75D52}") = "yogi-python-tests", "yogi-python\yogi-python-tests.pyproj", "{2AAB2832-0397-411B-AA07-A4EC5D969D04}"
EndProject
Global
	GlobalSection(SolutionConfigurationPlatforms) = preSolution
		Debug|Any CPU = Debug|Any CPU
		Debug|x64 = Debug|x64
		Debug|x86 = Debug|x86
		Release|Any CPU = Release|Any CPU
		Release|x64 = Release|x64
		Release|x86 = Release|x86
	EndGlobalSection
	GlobalSection(ProjectConfigurationPlatforms) = postSolution
		{B9745F60-F3B9-4B6A-A53D-96DD224B2B45}.Debug|Any CPU.ActiveCfg = Debug|Win32
		{B9745F60-F3B9-4B6A-A53D-96DD224B2B45}.Debug|x64.ActiveCfg = Debug|x64
		{B9745F60-F3B9-4B6A-A53D-96DD224B2B45}.Debug|x64.Build.0 = Debug|x64
		{B9745F60-F3B9-4B6A-A53D-96DD224B2B45}.Debug|x86.ActiveCfg = Debug|Win32
		{B9745F60-F3B9-4B6A-A53D-96DD224B2B45}.Debug|x86.Build.0 = Debug|Win32
		{B9745F60-F3B9-4B6A-A53D-96DD224B2B45}.Release|Any CPU.ActiveCfg = Release|Win32
		{B9745F60-F3B9-4B6A-A53D-96DD224B2B45}.Release|x64.ActiveCfg = Release|x64
		{B9745F60-F3B9-4B6A-A53D-96DD224B2B45}.Release|x64.Build.0 = Release|x64
		{B9745F60-F3B9-4B6A-A53D-96DD224B2B45}.Release|x86.ActiveCfg = Release|Win32
		{B9745F60-F3B9-4B6A-A53D-96DD224B2B45}.Release|x86.Build.0 = Release|Win32
		{6C8F3A0D-715B-4CFE-B080-0F288F707415}.Debug|Any CPU.ActiveCfg = Debug|Win32
		{6C8F3A0D-715B-4CFE-B080-0F288F707415}.Debug|x64.ActiveCfg = Debug|x64
		{6C8F3A0D-715B-4CFE-B080-0F288F707415}.Debug|x64.Build.0 = Debug|x64
		{6C8F3A0D-715B-4CFE-B080-0F288F707415}.Debug|x86.ActiveCfg = Debug|Win32
		{6C8F3A0D-715B-4CFE-B080-0F288F707415}.Debug|x86.Build.0 = Debug|Win32
		{6C8F3A0D-715B-4CFE-B080-0F288F707415}.Release|Any CPU.ActiveCfg = Release|Win32
		{6C8F3A0D-715B-4CFE-B080-0F288F707415}.Release|x64.ActiveCfg = Release|x64
		{6C8F3A0D-715B-4CFE-B080-0F288F707415}.Release|x64.Build.0 = Release|x64
		{6C8F3A0D-715B-4CFE-B080-0F288F707415}.Release|x86.ActiveCfg = Release|Win32
		{6C8F3A0D-715B-4CFE-B080-0F288F707415}.Release|x86.Build.0 = Release|Win32
		{33E639FE-F5A7-4FD7-A644-12323FC07BB1}.Debug|Any CPU.ActiveCfg = Debug|Win32
		{33E639FE-F5A7-4FD7-A644-12323FC07BB1}.Debug|x64.ActiveCfg = Debug|x64
		{33E639FE-F5A7-4FD7-A644-12323FC07BB1}.Debug|x64.Build.0 = Debug|x64
		{33E639FE-F5A7-4FD7-A644-12323FC07BB1}.Debug|x86.ActiveCfg = Debug|Win32
		{33E639FE-F5A7-4FD7-A644-12323FC07BB1}.Debug|x86.Build.0 = Debug|Win32
		{33E639FE-F5A7-4FD7-A644-12323FC07BB1}.Release|Any CPU.ActiveCfg = Release|Win32
		{33E639FE-F5A7-4FD7-A644-12323FC07BB1}.Release|x64.ActiveCfg = Release|x64
		{33E639FE-F5A7-4FD7-A644-12323FC07BB1}.Release|x64.Build.0 = Release|x64
		{33E639FE-F5A7-4FD7-A644-12323FC07BB1}.Release|x86.ActiveCfg = Release|Win32
		{33E639FE-F5A7-4FD7-A644-12323FC07BB1}.Release|x86.Build.0 = Release|Win32
		{C7091E86-9BE1-4751-97AB-1D3B70EBEE5B}.Debug|Any CPU.ActiveCfg = Debug|Win32
		{C7091E86-9BE1-4751-97AB-1D3B70EBEE5B}.Debug|x64.ActiveCfg = Debug|x64
		{C7091E86-9BE1-4751-97AB-1D3B70EBEE5B}.Debug|x64.Build.0 = Debug|x64
		{C7091E86-9BE1-4751-97AB-1D3B70EBEE5B}.Debug|x86.ActiveCfg = Debug|Win32
		{C7091E86-9BE1-4751-97AB-1D3B70EBEE5B}.Debug|x86.Build.0 = Debug|Win32
		{C7091E86-9BE1-4751-97AB-1D3B70EBEE5B}.Release|Any CPU.ActiveCfg = Release|Win32
		{C7091E86-9BE1-4751-97AB-1D3B70EBEE5B}.Release|x64.ActiveCfg = Release|x64
		{C7091E86-9BE1-4751-97AB-1D3B70EBEE5B}.Release|x64.Build.0 = Release|x64
		{C7091E86-9BE1-4751-97AB-1D3B70EBEE5B}.Release|x86.ActiveCfg = Release|Win32
		{C7091E86-9BE1-4751-97AB-1D3B70EBEE5B}.Release|x86.Build.0 = Release|Win32
		{E0507035-DF2E-409B-B71D-5FD05C2EA63B}.Debug|Any CPU.ActiveCfg = Debug|Win32
		{E0507035-DF2E-409B-B71D-5FD05C2EA63B}.Debug|x64.ActiveCfg = Debug|x64
		{E0507035-DF2E-409B-B71D-5FD05C2EA63B}.Debug|x64.Build.0 = Debug|x64
		{E0507035-DF2E-409B-B71D-5FD05C2EA63B}.Debug|x86.ActiveCfg = Debug|Win32
		{E0507035-DF2E-409B-B71D-5FD05C2EA63B}.Debug|x86.Build.0 = Debug|Win32
		{E0507035-DF2E-409B-B71D-5FD05C2EA63B}.Release|Any CPU.ActiveCfg = Release|Win32
		{E0507035-DF2E-409B-B71D-5FD05C2EA63B}.Release|x64.ActiveCfg = Release|x64
		{E0507035-DF2E-409B-B71D-5FD05C2EA63B}.Release|x64.Build.0 = Release|x64
		{E0507035-DF2E-409B-B71D-5FD05C2EA63B}.Release|x86.ActiveCfg = Release|Win32
		{E0507035-DF2E-409B-B71D-5FD05C2EA63B}.Release|x86.Build.0 = Release|Win32
		{8404D766-AF07-4D2C-B775-727538BC5E82}.Debug|Any CPU.ActiveCfg = Debug|Win32
		{8404D766-AF07-4D2C-B775-727538BC5E82}.Debug|x64.ActiveCfg = Debug|x64
		{8404D766-AF07-4D2C-B775-727538BC5E82}.Debug|x64.Build.0 = Debug|x64
		{8404D766-AF07-4D2C-B775-727538BC5E82}.Debug|x86.ActiveCfg = Debug|Win32
		{8404D766-AF07-4D2C-B775-727538BC5E82}.Debug|x86.Build.0 = Debug|Win32
		{8404D766-AF07-4D2C-B775-727538BC5E82}.Release|Any CPU.ActiveCfg = Release|Win32
		{8404D766-AF07-4D2C-B775-727538BC5E82}.Release|x64.ActiveCfg = Release|x64
		{8404D766-AF07-4D2C-B775-727538BC5E82}.Release|x64.Build.0 = Release|x64
		{8404D766-AF07-4D2C-B775-727538BC5E82}.Release|x86.ActiveCfg = Release|Win32
		{8404D766-AF07-4D2C-B775-727538BC5E82}.Release|x86.Build.0 = Release|Win32
		{6739FABA-B343-4DCE-B6CB-E0E2EF7D6E94}.Debug|Any CPU.ActiveCfg = Debug|Win32
		{6739FABA-B343-4DCE-B6CB-E0E2EF7D6E94}.Debug|x64.ActiveCfg = Debug|x64
		{6739FABA-B343-4DCE-B6CB-E0E2EF7D6E94}.Debug|x64.Build.0 = Debug|x64
		{6739FABA-B343-4DCE-B6CB-E0E2EF7D6E94}.Debug|x86.ActiveCfg = Debug|Win32
		{6739FABA-B343-4DCE-B6CB-E0E2EF7D6E94}.Debug|x86.Build.0 = Debug|Win32
		{6739FABA-B343-4DCE-B6CB-E0E2EF7D6E94}.Release|Any CPU.ActiveCfg = Release|Win32
		{6739FABA-B343-4DCE-B6CB-E0E2EF7D6E94}.Release|x64.ActiveCfg = Release|x64
		{6739FABA-B343-4DCE-B6CB-E0E2EF7D6E94}.Release|x64.Build.0 = Release|x64
		{6739FABA-B343-4DCE-B6CB-E0E2EF7D6E94}.Release|x86.ActiveCfg = Release|Win32
		{6739FABA-B343-4DCE-B6CB-E0E2EF7D6E94}.Release|x86.Build.0 = Release|Win32
		{997E8D18-5B40-44C5-85C5-6DD9EB495FFB}.Debug|Any CPU.ActiveCfg = Debug|Win32
		{997E8D18-5B40-44C5-85C5-6DD9EB495FFB}.Debug|x64.ActiveCfg = Debug|x64
		{997E8D18-5B40-44C5-85C5-6DD9EB495FFB}.Debug|x64.Build.0 = Debug|x64
		{997E8D18-5B40-44C5-85C5-6DD9EB495FFB}.Debug|x86.ActiveCfg = Debug|Win32
		{997E8D18-5B40-44C5-85C5-6DD9EB495FFB}.Debug|x86.Build.0 = Debug|Win32
		{997E8D18-5B40-44C5-85C5-6DD9EB495FFB}.Release|Any CPU.ActiveCfg = Release|Win32
		{997E8D18-5B40-44C5-85C5-6DD9EB495FFB}.Release|x64.ActiveCfg = Release|x64
		{997E8D18-5B40-44C5-85C5-6DD9EB495FFB}.Release|x64.Build.0 = Release|x64
		{997E8D18-5B40-44C5-85C5-6DD9EB495FFB}.Release|x86.ActiveCfg = Release|Win32
		{997E8D18-5B40-44C5-85C5-6DD9EB495FFB}.Release|x86.Build.0 = Release|Win32
		{65A37E32-D04C-4470-86C9-36328ABCC7E3}.Debug|Any CPU.ActiveCfg = Debug|Any CPU
		{65A37E32-D04C-4470-86C9-36328ABCC7E3}.Debug|x64.ActiveCfg = Debug|Any CPU
		{65A37E32-D04C-4470-86C9-36328ABCC7E3}.Debug|x86.ActiveCfg = Debug|Any CPU
		{65A37E32-D04C-4470-86C9-36328ABCC7E3}.Release|Any CPU.ActiveCfg = Release|Any CPU
		{65A37E32-D04C-4470-86C9-36328ABCC7E3}.Release|x64.ActiveCfg = Release|Any CPU
		{65A37E32-D04C-4470-86C9-36328ABCC7E3}.Release|x86.ActiveCfg = Release|Any CPU
		{2AAB2832-0397-411B-AA07-A4EC5D969D04}.Debug|Any CPU.ActiveCfg = Debug|Any CPU
		{2AAB2832-0397-411B-AA07-A4EC5D969D04}.Debug|x64.ActiveCfg = Debug|Any CPU
		{2AAB2832-0397-411B-AA07-A4EC5D969D04}.Debug|x86.ActiveCfg = Debug|Any CPU
		{2AAB2832-0397-411B-AA07-A4EC5D969D04}.Release|Any CPU.ActiveCfg = Release|Any CPU
		{2AAB2832-0397-411B-AA07-A4EC5D969D04}.Release|x64.ActiveCfg = Release|Any CPU
		{2AAB2832-0397-411B-AA07-A4EC5D969D04}.Release|x86.ActiveCfg = Release|Any CPU
	EndGlobalSection
	GlobalSection(SolutionProperties) = preSolution
		HideSolutionNode = FALSE
	EndGlobalSection
	GlobalSection(ExtensibilityGlobals) = postSolution
		SolutionGuid = {7328984C-19D6-4E2B-904F-A96CD9417646}
	EndGlobalSection
EndGlobal
